
Microsoft Visual Studio Solution File, Format Version 12.00
# Visual Studio Version 17
VisualStudioVersion = 17.2.32616.157
MinimumVisualStudioVersion = 10.0.40219.1
Project("{FAE04EC0-301F-11D3-BF4B-00C04F79EFBC}") = "Wayfaring2", "Wayfaring2\Wayfaring2.csproj", "{F82906F2-5123-4D06-8F97-041FC6A9608A}"
EndProject
Global
	GlobalSection(SolutionConfigurationPlatforms) = preSolution
		Debug|Any CPU = Debug|Any CPU
		Release|Any CPU = Release|Any CPU
	EndGlobalSection
	GlobalSection(ProjectConfigurationPlatforms) = postSolution
		{F82906F2-5123-4D06-8F97-041FC6A9608A}.Debug|Any CPU.ActiveCfg = Debug|Any CPU
		{F82906F2-5123-4D06-8F97-041FC6A9608A}.Debug|Any CPU.Build.0 = Debug|Any CPU
		{F82906F2-5123-4D06-8F97-041FC6A9608A}.Release|Any CPU.ActiveCfg = Release|Any CPU
		{F82906F2-5123-4D06-8F97-041FC6A9608A}.Release|Any CPU.Build.0 = Release|Any CPU
	EndGlobalSection
	GlobalSection(SolutionProperties) = preSolution
		HideSolutionNode = FALSE
	EndGlobalSection
	GlobalSection(ExtensibilityGlobals) = postSolution
		SolutionGuid = {1C7EE69E-31E1-491D-A264-F3206ECD4D64}
	EndGlobalSection
EndGlobal
